// !$*UTF8*$!
{
	archiveVersion = 1;
	classes = {
	};
	objectVersion = 50;
	objects = {

/* Begin PBXBuildFile section */
		2D8B9BD82607946300DAABD9 /* AppDelegate.swift in Sources */ = {isa = PBXBuildFile; fileRef = 2D8B9BD72607946300DAABD9 /* AppDelegate.swift */; };
		2D8B9BDA2607946300DAABD9 /* SceneDelegate.swift in Sources */ = {isa = PBXBuildFile; fileRef = 2D8B9BD92607946300DAABD9 /* SceneDelegate.swift */; };
		2D8B9BDC2607946300DAABD9 /* ContentView.swift in Sources */ = {isa = PBXBuildFile; fileRef = 2D8B9BDB2607946300DAABD9 /* ContentView.swift */; };
		2D8B9BDE2607946E00DAABD9 /* Assets.xcassets in Resources */ = {isa = PBXBuildFile; fileRef = 2D8B9BDD2607946E00DAABD9 /* Assets.xcassets */; };
		2D8B9BE12607946E00DAABD9 /* Preview Assets.xcassets in Resources */ = {isa = PBXBuildFile; fileRef = 2D8B9BE02607946E00DAABD9 /* Preview Assets.xcassets */; };
		2D8B9BE42607946E00DAABD9 /* LaunchScreen.storyboard in Resources */ = {isa = PBXBuildFile; fileRef = 2D8B9BE22607946E00DAABD9 /* LaunchScreen.storyboard */; };
		2D8B9BEE2607977E00DAABD9 /* Pacifico-Regular.ttf in Resources */ = {isa = PBXBuildFile; fileRef = 2D8B9BED2607977E00DAABD9 /* Pacifico-Regular.ttf */; };
		2D8B9BF82607AACB00DAABD9 /* InfoView.swift in Sources */ = {isa = PBXBuildFile; fileRef = 2D8B9BF72607AACB00DAABD9 /* InfoView.swift */; };
/* End PBXBuildFile section */

/* Begin PBXFileReference section */
		2D8B9BD42607946300DAABD9 /* JanelleCard.app */ = {isa = PBXFileReference; explicitFileType = wrapper.application; includeInIndex = 0; path = JanelleCard.app; sourceTree = BUILT_PRODUCTS_DIR; };
		2D8B9BD72607946300DAABD9 /* AppDelegate.swift */ = {isa = PBXFileReference; lastKnownFileType = sourcecode.swift; path = AppDelegate.swift; sourceTree = "<group>"; };
		2D8B9BD92607946300DAABD9 /* SceneDelegate.swift */ = {isa = PBXFileReference; lastKnownFileType = sourcecode.swift; path = SceneDelegate.swift; sourceTree = "<group>"; };
		2D8B9BDB2607946300DAABD9 /* ContentView.swift */ = {isa = PBXFileReference; lastKnownFileType = sourcecode.swift; path = ContentView.swift; sourceTree = "<group>"; };
		2D8B9BDD2607946E00DAABD9 /* Assets.xcassets */ = {isa = PBXFileReference; lastKnownFileType = folder.assetcatalog; path = Assets.xcassets; sourceTree = "<group>"; };
		2D8B9BE02607946E00DAABD9 /* Preview Assets.xcassets */ = {isa = PBXFileReference; lastKnownFileType = folder.assetcatalog; path = "Preview Assets.xcassets"; sourceTree = "<group>"; };
		2D8B9BE32607946E00DAABD9 /* Base */ = {isa = PBXFileReference; lastKnownFileType = file.storyboard; name = Base; path = Base.lproj/LaunchScreen.storyboard; sourceTree = "<group>"; };
		2D8B9BE52607946E00DAABD9 /* Info.plist */ = {isa = PBXFileReference; lastKnownFileType = text.plist.xml; path = Info.plist; sourceTree = "<group>"; };
		2D8B9BED2607977E00DAABD9 /* Pacifico-Regular.ttf */ = {isa = PBXFileReference; lastKnownFileType = file; path = "Pacifico-Regular.ttf"; sourceTree = "<group>"; };
		2D8B9BF72607AACB00DAABD9 /* InfoView.swift */ = {isa = PBXFileReference; lastKnownFileType = sourcecode.swift; path = InfoView.swift; sourceTree = "<group>"; };
/* End PBXFileReference section */

/* Begin PBXFrameworksBuildPhase section */
		2D8B9BD12607946300DAABD9 /* Frameworks */ = {
			isa = PBXFrameworksBuildPhase;
			buildActionMask = 2147483647;
			files = (
			);
			runOnlyForDeploymentPostprocessing = 0;
		};
/* End PBXFrameworksBuildPhase section */

/* Begin PBXGroup section */
		2D8B9BCB2607946300DAABD9 = {
			isa = PBXGroup;
			children = (
				2D8B9BD62607946300DAABD9 /* JanelleCard */,
				2D8B9BD52607946300DAABD9 /* Products */,
			);
			sourceTree = "<group>";
		};
		2D8B9BD52607946300DAABD9 /* Products */ = {
			isa = PBXGroup;
			children = (
				2D8B9BD42607946300DAABD9 /* JanelleCard.app */,
			);
			name = Products;
			sourceTree = "<group>";
		};
		2D8B9BD62607946300DAABD9 /* JanelleCard */ = {
			isa = PBXGroup;
			children = (
				2D8B9BEC2607976400DAABD9 /* fonts */,
				2D8B9BD72607946300DAABD9 /* AppDelegate.swift */,
				2D8B9BD92607946300DAABD9 /* SceneDelegate.swift */,
				2D8B9BDB2607946300DAABD9 /* ContentView.swift */,
				2D8B9BDD2607946E00DAABD9 /* Assets.xcassets */,
				2D8B9BE22607946E00DAABD9 /* LaunchScreen.storyboard */,
				2D8B9BE52607946E00DAABD9 /* Info.plist */,
				2D8B9BF72607AACB00DAABD9 /* InfoView.swift */,
				2D8B9BDF2607946E00DAABD9 /* Preview Content */,
			);
			path = JanelleCard;
			sourceTree = "<group>";
		};
		2D8B9BDF2607946E00DAABD9 /* Preview Content */ = {
			isa = PBXGroup;
			children = (
				2D8B9BE02607946E00DAABD9 /* Preview Assets.xcassets */,
			);
			path = "Preview Content";
			sourceTree = "<group>";
		};
		2D8B9BEC2607976400DAABD9 /* fonts */ = {
			isa = PBXGroup;
			children = (
				2D8B9BED2607977E00DAABD9 /* Pacifico-Regular.ttf */,
			);
			path = fonts;
			sourceTree = "<group>";
		};
/* End PBXGroup section */

/* Begin PBXNativeTarget section */
		2D8B9BD32607946300DAABD9 /* JanelleCard */ = {
			isa = PBXNativeTarget;
			buildConfigurationList = 2D8B9BE82607946E00DAABD9 /* Build configuration list for PBXNativeTarget "JanelleCard" */;
			buildPhases = (
				2D8B9BD02607946300DAABD9 /* Sources */,
				2D8B9BD12607946300DAABD9 /* Frameworks */,
				2D8B9BD22607946300DAABD9 /* Resources */,
			);
			buildRules = (
			);
			dependencies = (
			);
			name = JanelleCard;
			productName = JanelleCard;
			productReference = 2D8B9BD42607946300DAABD9 /* JanelleCard.app */;
			productType = "com.apple.product-type.application";
		};
/* End PBXNativeTarget section */

/* Begin PBXProject section */
		2D8B9BCC2607946300DAABD9 /* Project object */ = {
			isa = PBXProject;
			attributes = {
				LastSwiftUpdateCheck = 1230;
				LastUpgradeCheck = 1230;
				TargetAttributes = {
					2D8B9BD32607946300DAABD9 = {
						CreatedOnToolsVersion = 12.3;
					};
				};
			};
			buildConfigurationList = 2D8B9BCF2607946300DAABD9 /* Build configuration list for PBXProject "JanelleCard" */;
			compatibilityVersion = "Xcode 9.3";
			developmentRegion = en;
			hasScannedForEncodings = 0;
			knownRegions = (
				en,
				Base,
			);
			mainGroup = 2D8B9BCB2607946300DAABD9;
			productRefGroup = 2D8B9BD52607946300DAABD9 /* Products */;
			projectDirPath = "";
			projectRoot = "";
			targets = (
				2D8B9BD32607946300DAABD9 /* JanelleCard */,
			);
		};
/* End PBXProject section */

/* Begin PBXResourcesBuildPhase section */
		2D8B9BD22607946300DAABD9 /* Resources */ = {
			isa = PBXResourcesBuildPhase;
			buildActionMask = 2147483647;
			files = (
				2D8B9BE42607946E00DAABD9 /* LaunchScreen.storyboard in Resources */,
				2D8B9BEE2607977E00DAABD9 /* Pacifico-Regular.ttf in Resources */,
				2D8B9BE12607946E00DAABD9 /* Preview Assets.xcassets in Resources */,
				2D8B9BDE2607946E00DAABD9 /* Assets.xcassets in Resources */,
			);
			runOnlyForDeploymentPostprocessing = 0;
		};
/* End PBXResourcesBuildPhase section */

/* Begin PBXSourcesBuildPhase section */
		2D8B9BD02607946300DAABD9 /* Sources */ = {
			isa = PBXSourcesBuildPhase;
			buildActionMask = 2147483647;
			files = (
				2D8B9BD82607946300DAABD9 /* AppDelegate.swift in Sources */,
				2D8B9BDA2607946300DAABD9 /* SceneDelegate.swift in Sources */,
				2D8B9BF82607AACB00DAABD9 /* InfoView.swift in Sources */,
				2D8B9BDC2607946300DAABD9 /* ContentView.swift in Sources */,
			);
			runOnlyForDeploymentPostprocessing = 0;
		};
/* End PBXSourcesBuildPhase section */

/* Begin PBXVariantGroup section */
		2D8B9BE22607946E00DAABD9 /* LaunchScreen.storyboard */ = {
			isa = PBXVariantGroup;
			children = (
				2D8B9BE32607946E00DAABD9 /* Base */,
			);
			name = LaunchScreen.storyboard;
			sourceTree = "<group>";
		};
/* End PBXVariantGroup section */

/* Begin XCBuildConfiguration section */
		2D8B9BE62607946E00DAABD9 /* Debug */ = {
			isa = XCBuildConfiguration;
			buildSettings = {
				ALWAYS_SEARCH_USER_PATHS = NO;
				CLANG_ANALYZER_NONNULL = YES;
				CLANG_ANALYZER_NUMBER_OBJECT_CONVERSION = YES_AGGRESSIVE;
				CLANG_CXX_LANGUAGE_STANDARD = "gnu++14";
				CLANG_CXX_LIBRARY = "libc++";
				CLANG_ENABLE_MODULES = YES;
				CLANG_ENABLE_OBJC_ARC = YES;
				CLANG_ENABLE_OBJC_WEAK = YES;
				CLANG_WARN_BLOCK_CAPTURE_AUTORELEASING = YES;
				CLANG_WARN_BOOL_CONVERSION = YES;
				CLANG_WARN_COMMA = YES;
				CLANG_WARN_CONSTANT_CONVERSION = YES;
				CLANG_WARN_DEPRECATED_OBJC_IMPLEMENTATIONS = YES;
				CLANG_WARN_DIRECT_OBJC_ISA_USAGE = YES_ERROR;
				CLANG_WARN_DOCUMENTATION_COMMENTS = YES;
				CLANG_WARN_EMPTY_BODY = YES;
				CLANG_WARN_ENUM_CONVERSION = YES;
				CLANG_WARN_INFINITE_RECURSION = YES;
				CLANG_WARN_INT_CONVERSION = YES;
				CLANG_WARN_NON_LITERAL_NULL_CONVERSION = YES;
				CLANG_WARN_OBJC_IMPLICIT_RETAIN_SELF = YES;
				CLANG_WARN_OBJC_LITERAL_CONVERSION = YES;
				CLANG_WARN_OBJC_ROOT_CLASS = YES_ERROR;
				CLANG_WARN_QUOTED_INCLUDE_IN_FRAMEWORK_HEADER = YES;
				CLANG_WARN_RANGE_LOOP_ANALYSIS = YES;
				CLANG_WARN_STRICT_PROTOTYPES = YES;
				CLANG_WARN_SUSPICIOUS_MOVE = YES;
				CLANG_WARN_UNGUARDED_AVAILABILITY = YES_AGGRESSIVE;
				CLANG_WARN_UNREACHABLE_CODE = YES;
				CLANG_WARN__DUPLICATE_METHOD_MATCH = YES;
				COPY_PHASE_STRIP = NO;
				DEBUG_INFORMATION_FORMAT = dwarf;
				ENABLE_STRICT_OBJC_MSGSEND = YES;
				ENABLE_TESTABILITY = YES;
				GCC_C_LANGUAGE_STANDARD = gnu11;
				GCC_DYNAMIC_NO_PIC = NO;
				GCC_NO_COMMON_BLOCKS = YES;
				GCC_OPTIMIZATION_LEVEL = 0;
				GCC_PREPROCESSOR_DEFINITIONS = (
					"DEBUG=1",
					"$(inherited)",
				);
				GCC_WARN_64_TO_32_BIT_CONVERSION = YES;
				GCC_WARN_ABOUT_RETURN_TYPE = YES_ERROR;
				GCC_WARN_UNDECLARED_SELECTOR = YES;
				GCC_WARN_UNINITIALIZED_AUTOS = YES_AGGRESSIVE;
				GCC_WARN_UNUSED_FUNCTION = YES;
				GCC_WARN_UNUSED_VARIABLE = YES;
				IPHONEOS_DEPLOYMENT_TARGET = 14.3;
				MTL_ENABLE_DEBUG_INFO = INCLUDE_SOURCE;
				MTL_FAST_MATH = YES;
				ONLY_ACTIVE_ARCH = YES;
				SDKROOT = iphoneos;
				SWIFT_ACTIVE_COMPILATION_CONDITIONS = DEBUG;
				SWIFT_OPTIMIZATION_LEVEL = "-Onone";
			};
			name = Debug;
		};
		2D8B9BE72607946E00DAABD9 /* Release */ = {
			isa = XCBuildConfiguration;
			buildSettings = {
				ALWAYS_SEARCH_USER_PATHS = NO;
				CLANG_ANALYZER_NONNULL = YES;
				CLANG_ANALYZER_NUMBER_OBJECT_CONVERSION = YES_AGGRESSIVE;
				CLANG_CXX_LANGUAGE_STANDARD = "gnu++14";
				CLANG_CXX_LIBRARY = "libc++";
				CLANG_ENABLE_MODULES = YES;
				CLANG_ENABLE_OBJC_ARC = YES;
				CLANG_ENABLE_OBJC_WEAK = YES;
				CLANG_WARN_BLOCK_CAPTURE_AUTORELEASING = YES;
				CLANG_WARN_BOOL_CONVERSION = YES;
				CLANG_WARN_COMMA = YES;
				CLANG_WARN_CONSTANT_CONVERSION = YES;
				CLANG_WARN_DEPRECATED_OBJC_IMPLEMENTATIONS = YES;
				CLANG_WARN_DIRECT_OBJC_ISA_USAGE = YES_ERROR;
				CLANG_WARN_DOCUMENTATION_COMMENTS = YES;
				CLANG_WARN_EMPTY_BODY = YES;
				CLANG_WARN_ENUM_CONVERSION = YES;
				CLANG_WARN_INFINITE_RECURSION = YES;
				CLANG_WARN_INT_CONVERSION = YES;
				CLANG_WARN_NON_LITERAL_NULL_CONVERSION = YES;
				CLANG_WARN_OBJC_IMPLICIT_RETAIN_SELF = YES;
				CLANG_WARN_OBJC_LITERAL_CONVERSION = YES;
				CLANG_WARN_OBJC_ROOT_CLASS = YES_ERROR;
				CLANG_WARN_QUOTED_INCLUDE_IN_FRAMEWORK_HEADER = YES;
				CLANG_WARN_RANGE_LOOP_ANALYSIS = YES;
				CLANG_WARN_STRICT_PROTOTYPES = YES;
				CLANG_WARN_SUSPICIOUS_MOVE = YES;
				CLANG_WARN_UNGUARDED_AVAILABILITY = YES_AGGRESSIVE;
				CLANG_WARN_UNREACHABLE_CODE = YES;
				CLANG_WARN__DUPLICATE_METHOD_MATCH = YES;
				COPY_PHASE_STRIP = NO;
				DEBUG_INFORMATION_FORMAT = "dwarf-with-dsym";
				ENABLE_NS_ASSERTIONS = NO;
				ENABLE_STRICT_OBJC_MSGSEND = YES;
				GCC_C_LANGUAGE_STANDARD = gnu11;
				GCC_NO_COMMON_BLOCKS = YES;
				GCC_WARN_64_TO_32_BIT_CONVERSION = YES;
				GCC_WARN_ABOUT_RETURN_TYPE = YES_ERROR;
				GCC_WARN_UNDECLARED_SELECTOR = YES;
				GCC_WARN_UNINITIALIZED_AUTOS = YES_AGGRESSIVE;
				GCC_WARN_UNUSED_FUNCTION = YES;
				GCC_WARN_UNUSED_VARIABLE = YES;
				IPHONEOS_DEPLOYMENT_TARGET = 14.3;
				MTL_ENABLE_DEBUG_INFO = NO;
				MTL_FAST_MATH = YES;
				SDKROOT = iphoneos;
				SWIFT_COMPILATION_MODE = wholemodule;
				SWIFT_OPTIMIZATION_LEVEL = "-O";
				VALIDATE_PRODUCT = YES;
			};
			name = Release;
		};
		2D8B9BE92607946E00DAABD9 /* Debug */ = {
			isa = XCBuildConfiguration;
			buildSettings = {
				ASSETCATALOG_COMPILER_APPICON_NAME = AppIcon;
				ASSETCATALOG_COMPILER_GLOBAL_ACCENT_COLOR_NAME = AccentColor;
				CODE_SIGN_STYLE = Automatic;
				DEVELOPMENT_ASSET_PATHS = "\"JanelleCard/Preview Content\"";
				DEVELOPMENT_TEAM = UXNJA9FX77;
				ENABLE_PREVIEWS = YES;
				INFOPLIST_FILE = JanelleCard/Info.plist;
				LD_RUNPATH_SEARCH_PATHS = (
					"$(inherited)",
					"@executable_path/Frameworks",
				);
				PRODUCT_BUNDLE_IDENTIFIER = com.janellem.JanelleCard;
				PRODUCT_NAME = "$(TARGET_NAME)";
				SWIFT_VERSION = 5.0;
				TARGETED_DEVICE_FAMILY = "1,2";
			};
			name = Debug;
		};
		2D8B9BEA2607946E00DAABD9 /* Release */ = {
			isa = XCBuildConfiguration;
			buildSettings = {
				ASSETCATALOG_COMPILER_APPICON_NAME = AppIcon;
				ASSETCATALOG_COMPILER_GLOBAL_ACCENT_COLOR_NAME = AccentColor;
				CODE_SIGN_STYLE = Automatic;
				DEVELOPMENT_ASSET_PATHS = "\"JanelleCard/Preview Content\"";
				DEVELOPMENT_TEAM = UXNJA9FX77;
				ENABLE_PREVIEWS = YES;
				INFOPLIST_FILE = JanelleCard/Info.plist;
				LD_RUNPATH_SEARCH_PATHS = (
					"$(inherited)",
					"@executable_path/Frameworks",
				);
				PRODUCT_BUNDLE_IDENTIFIER = com.janellem.JanelleCard;
				PRODUCT_NAME = "$(TARGET_NAME)";
				SWIFT_VERSION = 5.0;
				TARGETED_DEVICE_FAMILY = "1,2";
			};
			name = Release;
		};
/* End XCBuildConfiguration section */

/* Begin XCConfigurationList section */
		2D8B9BCF2607946300DAABD9 /* Build configuration list for PBXProject "JanelleCard" */ = {
			isa = XCConfigurationList;
			buildConfigurations = (
				2D8B9BE62607946E00DAABD9 /* Debug */,
				2D8B9BE72607946E00DAABD9 /* Release */,
			);
			defaultConfigurationIsVisible = 0;
			defaultConfigurationName = Release;
		};
		2D8B9BE82607946E00DAABD9 /* Build configuration list for PBXNativeTarget "JanelleCard" */ = {
			isa = XCConfigurationList;
			buildConfigurations = (
				2D8B9BE92607946E00DAABD9 /* Debug */,
				2D8B9BEA2607946E00DAABD9 /* Release */,
			);
			defaultConfigurationIsVisible = 0;
			defaultConfigurationName = Release;
		};
/* End XCConfigurationList section */
	};
	rootObject = 2D8B9BCC2607946300DAABD9 /* Project object */;
}
